Microsoft Visual Studio Solution File, Format Version 12.00
# Visual Studio 15
VisualStudioVersion = 15.0.28307.106
MinimumVisualStudioVersion = 10.0.40219.1
Project("{9A19103F-16F7-4668-BE54-9A1E7A4F7556}") = "recipe_editor_library_updated", "recipe_editor_library_updated.csproj", "{B7AB3D34-963B-BC09-B66A-DB77D0B81843}"
EndProject
Global
    GlobalSection(SolutionConfigurationPlatforms) = preSolution
        Debug|Any CPU = Debug|Any CPU
        Release|Any CPU = Release|Any CPU
    EndGlobalSection
    GlobalSection(ProjectConfigurationPlatforms) = postSolution
        {B7AB3D34-963B-BC09-B66A-DB77D0B81843}.Debug|Any CPU.ActiveCfg = Debug|Any CPU
        {B7AB3D34-963B-BC09-B66A-DB77D0B81843}.Debug|Any CPU.Build.0 = Debug|Any CPU
        {B7AB3D34-963B-BC09-B66A-DB77D0B81843}.Release|Any CPU.ActiveCfg = Release|Any CPU
        {B7AB3D34-963B-BC09-B66A-DB77D0B81843}.Release|Any CPU.Build.0 = Release|Any CPU
    EndGlobalSection
    GlobalSection(SolutionProperties) = preSolution
        HideSolutionNode = FALSE
    EndGlobalSection
EndGlobal
